
Microsoft Visual Studio Solution File, Format Version 11.00
# Visual Studio 2010
Project("{8BC9CEB8-8B4A-11D0-8D11-00A0C91BC942}") = "SmartDeblur", "SmartDeblur\SmartDeblur.vcxproj", "{D83AFACF-AB99-4DCE-8578-2D163ADD4AF5}"
EndProject
Global
	GlobalSection(SolutionConfigurationPlatforms) = preSolution
		Debug|Win32 = Debug|Win32
		Release|Win32 = Release|Win32
	EndGlobalSection
	GlobalSection(ProjectConfigurationPlatforms) = postSolution
		{D83AFACF-AB99-4DCE-8578-2D163ADD4AF5}.Debug|Win32.ActiveCfg = Debug|Win32
		{D83AFACF-AB99-4DCE-8578-2D163ADD4AF5}.Debug|Win32.Build.0 = Debug|Win32
		{D83AFACF-AB99-4DCE-8578-2D163ADD4AF5}.Release|Win32.ActiveCfg = Release|Win32
		{D83AFACF-AB99-4DCE-8578-2D163ADD4AF5}.Release|Win32.Build.0 = Release|Win32
	EndGlobalSection
	GlobalSection(SolutionProperties) = preSolution
		HideSolutionNode = FALSE
	EndGlobalSection
EndGlobal
